
Microsoft Visual Studio Solution File, Format Version 12.00
# Visual Studio Version 17
VisualStudioVersion = 17.9.34616.47
MinimumVisualStudioVersion = 10.0.40219.1
Project("{9A19103F-16F7-4668-BE54-9A1E7A4F7556}") = "Week8", "Lab8\Week8.csproj", "{83E1B5B1-D2EB-40F2-A865-1E0565D229C2}"
EndProject
Global
	GlobalSection(SolutionConfigurationPlatforms) = preSolution
		Debug|Any CPU = Debug|Any CPU
		Release|Any CPU = Release|Any CPU
	EndGlobalSection
	GlobalSection(ProjectConfigurationPlatforms) = postSolution
		{83E1B5B1-D2EB-40F2-A865-1E0565D229C2}.Debug|Any CPU.ActiveCfg = Debug|Any CPU
		{83E1B5B1-D2EB-40F2-A865-1E0565D229C2}.Debug|Any CPU.Build.0 = Debug|Any CPU
		{83E1B5B1-D2EB-40F2-A865-1E0565D229C2}.Release|Any CPU.ActiveCfg = Release|Any CPU
		{83E1B5B1-D2EB-40F2-A865-1E0565D229C2}.Release|Any CPU.Build.0 = Release|Any CPU
	EndGlobalSection
	GlobalSection(SolutionProperties) = preSolution
		HideSolutionNode = FALSE
	EndGlobalSection
	GlobalSection(ExtensibilityGlobals) = postSolution
		SolutionGuid = {4D3C2FE3-6C11-4185-829D-BD761B480426}
	EndGlobalSection
EndGlobal
